// !$*UTF8*$!
{
	archiveVersion = 1;
	classes = {
	};
	objectVersion = 46;
	objects = {

/* Begin PBXBuildFile section */
		CEB88EA01B548BF6000F1FC9 /* AppDelegate.swift in Sources */ = {isa = PBXBuildFile; fileRef = CEB88E9F1B548BF6000F1FC9 /* AppDelegate.swift */; };
		CEB88EA21B548BF6000F1FC9 /* ViewController.swift in Sources */ = {isa = PBXBuildFile; fileRef = CEB88EA11B548BF6000F1FC9 /* ViewController.swift */; };
		CEB88EA51B548BF6000F1FC9 /* Main.storyboard in Resources */ = {isa = PBXBuildFile; fileRef = CEB88EA31B548BF6000F1FC9 /* Main.storyboard */; };
		CEB88EA71B548BF6000F1FC9 /* Images.xcassets in Resources */ = {isa = PBXBuildFile; fileRef = CEB88EA61B548BF6000F1FC9 /* Images.xcassets */; };
		CEB88EAA1B548BF6000F1FC9 /* LaunchScreen.xib in Resources */ = {isa = PBXBuildFile; fileRef = CEB88EA81B548BF6000F1FC9 /* LaunchScreen.xib */; };
		CEB88EB61B548BF6000F1FC9 /* project_july_13Tests.swift in Sources */ = {isa = PBXBuildFile; fileRef = CEB88EB51B548BF6000F1FC9 /* project_july_13Tests.swift */; };
/* End PBXBuildFile section */

/* Begin PBXContainerItemProxy section */
		CEB88EB01B548BF6000F1FC9 /* PBXContainerItemProxy */ = {
			isa = PBXContainerItemProxy;
			containerPortal = CEB88E921B548BF6000F1FC9 /* Project object */;
			proxyType = 1;
			remoteGlobalIDString = CEB88E991B548BF6000F1FC9;
			remoteInfo = "project july 13";
		};
/* End PBXContainerItemProxy section */

/* Begin PBXFileReference section */
		CEB88E9A1B548BF6000F1FC9 /* project july 13.app */ = {isa = PBXFileReference; explicitFileType = wrapper.application; includeInIndex = 0; path = "project july 13.app"; sourceTree = BUILT_PRODUCTS_DIR; };
		CEB88E9E1B548BF6000F1FC9 /* Info.plist */ = {isa = PBXFileReference; lastKnownFileType = text.plist.xml; path = Info.plist; sourceTree = "<group>"; };
		CEB88E9F1B548BF6000F1FC9 /* AppDelegate.swift */ = {isa = PBXFileReference; lastKnownFileType = sourcecode.swift; path = AppDelegate.swift; sourceTree = "<group>"; };
		CEB88EA11B548BF6000F1FC9 /* ViewController.swift */ = {isa = PBXFileReference; lastKnownFileType = sourcecode.swift; path = ViewController.swift; sourceTree = "<group>"; };
		CEB88EA41B548BF6000F1FC9 /* Base */ = {isa = PBXFileReference; lastKnownFileType = file.storyboard; name = Base; path = Base.lproj/Main.storyboard; sourceTree = "<group>"; };
		CEB88EA61B548BF6000F1FC9 /* Images.xcassets */ = {isa = PBXFileReference; lastKnownFileType = folder.assetcatalog; path = Images.xcassets; sourceTree = "<group>"; };
		CEB88EA91B548BF6000F1FC9 /* Base */ = {isa = PBXFileReference; lastKnownFileType = file.xib; name = Base; path = Base.lproj/LaunchScreen.xib; sourceTree = "<group>"; };
		CEB88EAF1B548BF6000F1FC9 /* project july 13Tests.xctest */ = {isa = PBXFileReference; explicitFileType = wrapper.cfbundle; includeInIndex = 0; path = "project july 13Tests.xctest"; sourceTree = BUILT_PRODUCTS_DIR; };
		CEB88EB41B548BF6000F1FC9 /* Info.plist */ = {isa = PBXFileReference; lastKnownFileType = text.plist.xml; path = Info.plist; sourceTree = "<group>"; };
		CEB88EB51B548BF6000F1FC9 /* project_july_13Tests.swift */ = {isa = PBXFileReference; lastKnownFileType = sourcecode.swift; path = project_july_13Tests.swift; sourceTree = "<group>"; };
/* End PBXFileReference section */

/* Begin PBXFrameworksBuildPhase section */
		CEB88E971B548BF6000F1FC9 /* Frameworks */ = {
			isa = PBXFrameworksBuildPhase;
			buildActionMask = 2147483647;
			files = (
			);
			runOnlyForDeploymentPostprocessing = 0;
		};
		CEB88EAC1B548BF6000F1FC9 /* Frameworks */ = {
			isa = PBXFrameworksBuildPhase;
			buildActionMask = 2147483647;
			files = (
			);
			runOnlyForDeploymentPostprocessing = 0;
		};
/* End PBXFrameworksBuildPhase section */

/* Begin PBXGroup section */
		CEB88E911B548BF6000F1FC9 = {
			isa = PBXGroup;
			children = (
				CEB88E9C1B548BF6000F1FC9 /* project july 13 */,
				CEB88EB21B548BF6000F1FC9 /* project july 13Tests */,
				CEB88E9B1B548BF6000F1FC9 /* Products */,
			);
			sourceTree = "<group>";
		};
		CEB88E9B1B548BF6000F1FC9 /* Products */ = {
			isa = PBXGroup;
			children = (
				CEB88E9A1B548BF6000F1FC9 /* project july 13.app */,
				CEB88EAF1B548BF6000F1FC9 /* project july 13Tests.xctest */,
			);
			name = Products;
			sourceTree = "<group>";
		};
		CEB88E9C1B548BF6000F1FC9 /* project july 13 */ = {
			isa = PBXGroup;
			children = (
				CEB88E9F1B548BF6000F1FC9 /* AppDelegate.swift */,
				CEB88EA11B548BF6000F1FC9 /* ViewController.swift */,
				CEB88EA31B548BF6000F1FC9 /* Main.storyboard */,
				CEB88EA61B548BF6000F1FC9 /* Images.xcassets */,
				CEB88EA81B548BF6000F1FC9 /* LaunchScreen.xib */,
				CEB88E9D1B548BF6000F1FC9 /* Supporting Files */,
			);
			path = "project july 13";
			sourceTree = "<group>";
		};
		CEB88E9D1B548BF6000F1FC9 /* Supporting Files */ = {
			isa = PBXGroup;
			children = (
				CEB88E9E1B548BF6000F1FC9 /* Info.plist */,
			);
			name = "Supporting Files";
			sourceTree = "<group>";
		};
		CEB88EB21B548BF6000F1FC9 /* project july 13Tests */ = {
			isa = PBXGroup;
			children = (
				CEB88EB51B548BF6000F1FC9 /* project_july_13Tests.swift */,
				CEB88EB31B548BF6000F1FC9 /* Supporting Files */,
			);
			path = "project july 13Tests";
			sourceTree = "<group>";
		};
		CEB88EB31B548BF6000F1FC9 /* Supporting Files */ = {
			isa = PBXGroup;
			children = (
				CEB88EB41B548BF6000F1FC9 /* Info.plist */,
			);
			name = "Supporting Files";
			sourceTree = "<group>";
		};
/* End PBXGroup section */

/* Begin PBXNativeTarget section */
		CEB88E991B548BF6000F1FC9 /* project july 13 */ = {
			isa = PBXNativeTarget;
			buildConfigurationList = CEB88EB91B548BF6000F1FC9 /* Build configuration list for PBXNativeTarget "project july 13" */;
			buildPhases = (
				CEB88E961B548BF6000F1FC9 /* Sources */,
				CEB88E971B548BF6000F1FC9 /* Frameworks */,
				CEB88E981B548BF6000F1FC9 /* Resources */,
			);
			buildRules = (
			);
			dependencies = (
			);
			name = "project july 13";
			productName = "project july 13";
			productReference = CEB88E9A1B548BF6000F1FC9 /* project july 13.app */;
			productType = "com.apple.product-type.application";
		};
		CEB88EAE1B548BF6000F1FC9 /* project july 13Tests */ = {
			isa = PBXNativeTarget;
			buildConfigurationList = CEB88EBC1B548BF6000F1FC9 /* Build configuration list for PBXNativeTarget "project july 13Tests" */;
			buildPhases = (
				CEB88EAB1B548BF6000F1FC9 /* Sources */,
				CEB88EAC1B548BF6000F1FC9 /* Frameworks */,
				CEB88EAD1B548BF6000F1FC9 /* Resources */,
			);
			buildRules = (
			);
			dependencies = (
				CEB88EB11B548BF6000F1FC9 /* PBXTargetDependency */,
			);
			name = "project july 13Tests";
			productName = "project july 13Tests";
			productReference = CEB88EAF1B548BF6000F1FC9 /* project july 13Tests.xctest */;
			productType = "com.apple.product-type.bundle.unit-test";
		};
/* End PBXNativeTarget section */

/* Begin PBXProject section */
		CEB88E921B548BF6000F1FC9 /* Project object */ = {
			isa = PBXProject;
			attributes = {
				LastUpgradeCheck = 0630;
				ORGANIZATIONNAME = "Handy Debegon";
				TargetAttributes = {
					CEB88E991B548BF6000F1FC9 = {
						CreatedOnToolsVersion = 6.3.2;
					};
					CEB88EAE1B548BF6000F1FC9 = {
						CreatedOnToolsVersion = 6.3.2;
						TestTargetID = CEB88E991B548BF6000F1FC9;
					};
				};
			};
			buildConfigurationList = CEB88E951B548BF6000F1FC9 /* Build configuration list for PBXProject "project july 13" */;
			compatibilityVersion = "Xcode 3.2";
			developmentRegion = English;
			hasScannedForEncodings = 0;
			knownRegions = (
				en,
				Base,
			);
			mainGroup = CEB88E911B548BF6000F1FC9;
			productRefGroup = CEB88E9B1B548BF6000F1FC9 /* Products */;
			projectDirPath = "";
			projectRoot = "";
			targets = (
				CEB88E991B548BF6000F1FC9 /* project july 13 */,
				CEB88EAE1B548BF6000F1FC9 /* project july 13Tests */,
			);
		};
/* End PBXProject section */

/* Begin PBXResourcesBuildPhase section */
		CEB88E981B548BF6000F1FC9 /* Resources */ = {
			isa = PBXResourcesBuildPhase;
			buildActionMask = 2147483647;
			files = (
				CEB88EA51B548BF6000F1FC9 /* Main.storyboard in Resources */,
				CEB88EAA1B548BF6000F1FC9 /* LaunchScreen.xib in Resources */,
				CEB88EA71B548BF6000F1FC9 /* Images.xcassets in Resources */,
			);
			runOnlyForDeploymentPostprocessing = 0;
		};
		CEB88EAD1B548BF6000F1FC9 /* Resources */ = {
			isa = PBXResourcesBuildPhase;
			buildActionMask = 2147483647;
			files = (
			);
			runOnlyForDeploymentPostprocessing = 0;
		};
/* End PBXResourcesBuildPhase section */

/* Begin PBXSourcesBuildPhase section */
		CEB88E961B548BF6000F1FC9 /* Sources */ = {
			isa = PBXSourcesBuildPhase;
			buildActionMask = 2147483647;
			files = (
				CEB88EA21B548BF6000F1FC9 /* ViewController.swift in Sources */,
				CEB88EA01B548BF6000F1FC9 /* AppDelegate.swift in Sources */,
			);
			runOnlyForDeploymentPostprocessing = 0;
		};
		CEB88EAB1B548BF6000F1FC9 /* Sources */ = {
			isa = PBXSourcesBuildPhase;
			buildActionMask = 2147483647;
			files = (
				CEB88EB61B548BF6000F1FC9 /* project_july_13Tests.swift in Sources */,
			);
			runOnlyForDeploymentPostprocessing = 0;
		};
/* End PBXSourcesBuildPhase section */

/* Begin PBXTargetDependency section */
		CEB88EB11B548BF6000F1FC9 /* PBXTargetDependency */ = {
			isa = PBXTargetDependency;
			target = CEB88E991B548BF6000F1FC9 /* project july 13 */;
			targetProxy = CEB88EB01B548BF6000F1FC9 /* PBXContainerItemProxy */;
		};
/* End PBXTargetDependency section */

/* Begin PBXVariantGroup section */
		CEB88EA31B548BF6000F1FC9 /* Main.storyboard */ = {
			isa = PBXVariantGroup;
			children = (
				CEB88EA41B548BF6000F1FC9 /* Base */,
			);
			name = Main.storyboard;
			sourceTree = "<group>";
		};
		CEB88EA81B548BF6000F1FC9 /* LaunchScreen.xib */ = {
			isa = PBXVariantGroup;
			children = (
				CEB88EA91B548BF6000F1FC9 /* Base */,
			);
			name = LaunchScreen.xib;
			sourceTree = "<group>";
		};
/* End PBXVariantGroup section */

/* Begin XCBuildConfiguration section */
		CEB88EB71B548BF6000F1FC9 /* Debug */ = {
			isa = XCBuildConfiguration;
			buildSettings = {
				ALWAYS_SEARCH_USER_PATHS = NO;
				CLANG_CXX_LANGUAGE_STANDARD = "gnu++0x";
				CLANG_CXX_LIBRARY = "libc++";
				CLANG_ENABLE_MODULES = YES;
				CLANG_ENABLE_OBJC_ARC = YES;
				CLANG_WARN_BOOL_CONVERSION = YES;
				CLANG_WARN_CONSTANT_CONVERSION = YES;
				CLANG_WARN_DIRECT_OBJC_ISA_USAGE = YES_ERROR;
				CLANG_WARN_EMPTY_BODY = YES;
				CLANG_WARN_ENUM_CONVERSION = YES;
				CLANG_WARN_INT_CONVERSION = YES;
				CLANG_WARN_OBJC_ROOT_CLASS = YES_ERROR;
				CLANG_WARN_UNREACHABLE_CODE = YES;
				CLANG_WARN__DUPLICATE_METHOD_MATCH = YES;
				"CODE_SIGN_IDENTITY[sdk=iphoneos*]" = "iPhone Developer";
				COPY_PHASE_STRIP = NO;
				DEBUG_INFORMATION_FORMAT = "dwarf-with-dsym";
				ENABLE_STRICT_OBJC_MSGSEND = YES;
				GCC_C_LANGUAGE_STANDARD = gnu99;
				GCC_DYNAMIC_NO_PIC = NO;
				GCC_NO_COMMON_BLOCKS = YES;
				GCC_OPTIMIZATION_LEVEL = 0;
				GCC_PREPROCESSOR_DEFINITIONS = (
					"DEBUG=1",
					"$(inherited)",
				);
				GCC_SYMBOLS_PRIVATE_EXTERN = NO;
				GCC_WARN_64_TO_32_BIT_CONVERSION = YES;
				GCC_WARN_ABOUT_RETURN_TYPE = YES_ERROR;
				GCC_WARN_UNDECLARED_SELECTOR = YES;
				GCC_WARN_UNINITIALIZED_AUTOS = YES_AGGRESSIVE;
				GCC_WARN_UNUSED_FUNCTION = YES;
				GCC_WARN_UNUSED_VARIABLE = YES;
				IPHONEOS_DEPLOYMENT_TARGET = 8.3;
				MTL_ENABLE_DEBUG_INFO = YES;
				ONLY_ACTIVE_ARCH = YES;
				SDKROOT = iphoneos;
				SWIFT_OPTIMIZATION_LEVEL = "-Onone";
			};
			name = Debug;
		};
		CEB88EB81B548BF6000F1FC9 /* Release */ = {
			isa = XCBuildConfiguration;
			buildSettings = {
				ALWAYS_SEARCH_USER_PATHS = NO;
				CLANG_CXX_LANGUAGE_STANDARD = "gnu++0x";
				CLANG_CXX_LIBRARY = "libc++";
				CLANG_ENABLE_MODULES = YES;
				CLANG_ENABLE_OBJC_ARC = YES;
				CLANG_WARN_BOOL_CONVERSION = YES;
				CLANG_WARN_CONSTANT_CONVERSION = YES;
				CLANG_WARN_DIRECT_OBJC_ISA_USAGE = YES_ERROR;
				CLANG_WARN_EMPTY_BODY = YES;
				CLANG_WARN_ENUM_CONVERSION = YES;
				CLANG_WARN_INT_CONVERSION = YES;
				CLANG_WARN_OBJC_ROOT_CLASS = YES_ERROR;
				CLANG_WARN_UNREACHABLE_CODE = YES;
				CLANG_WARN__DUPLICATE_METHOD_MATCH = YES;
				"CODE_SIGN_IDENTITY[sdk=iphoneos*]" = "iPhone Developer";
				COPY_PHASE_STRIP = NO;
				DEBUG_INFORMATION_FORMAT = "dwarf-with-dsym";
				ENABLE_NS_ASSERTIONS = NO;
				ENABLE_STRICT_OBJC_MSGSEND = YES;
				GCC_C_LANGUAGE_STANDARD = gnu99;
				GCC_NO_COMMON_BLOCKS = YES;
				GCC_WARN_64_TO_32_BIT_CONVERSION = YES;
				GCC_WARN_ABOUT_RETURN_TYPE = YES_ERROR;
				GCC_WARN_UNDECLARED_SELECTOR = YES;
				GCC_WARN_UNINITIALIZED_AUTOS = YES_AGGRESSIVE;
				GCC_WARN_UNUSED_FUNCTION = YES;
				GCC_WARN_UNUSED_VARIABLE = YES;
				IPHONEOS_DEPLOYMENT_TARGET = 8.3;
				MTL_ENABLE_DEBUG_INFO = NO;
				SDKROOT = iphoneos;
				VALIDATE_PRODUCT = YES;
			};
			name = Release;
		};
		CEB88EBA1B548BF6000F1FC9 /* Debug */ = {
			isa = XCBuildConfiguration;
			buildSettings = {
				ASSETCATALOG_COMPILER_APPICON_NAME = AppIcon;
				INFOPLIST_FILE = "project july 13/Info.plist";
				LD_RUNPATH_SEARCH_PATHS = "$(inherited) @executable_path/Frameworks";
				PRODUCT_NAME = "$(TARGET_NAME)";
			};
			name = Debug;
		};
		CEB88EBB1B548BF6000F1FC9 /* Release */ = {
			isa = XCBuildConfiguration;
			buildSettings = {
				ASSETCATALOG_COMPILER_APPICON_NAME = AppIcon;
				INFOPLIST_FILE = "project july 13/Info.plist";
				LD_RUNPATH_SEARCH_PATHS = "$(inherited) @executable_path/Frameworks";
				PRODUCT_NAME = "$(TARGET_NAME)";
			};
			name = Release;
		};
		CEB88EBD1B548BF6000F1FC9 /* Debug */ = {
			isa = XCBuildConfiguration;
			buildSettings = {
				BUNDLE_LOADER = "$(TEST_HOST)";
				FRAMEWORK_SEARCH_PATHS = (
					"$(SDKROOT)/Developer/Library/Frameworks",
					"$(inherited)",
				);
				GCC_PREPROCESSOR_DEFINITIONS = (
					"DEBUG=1",
					"$(inherited)",
				);
				INFOPLIST_FILE = "project july 13Tests/Info.plist";
				LD_RUNPATH_SEARCH_PATHS = "$(inherited) @executable_path/Frameworks @loader_path/Frameworks";
				PRODUCT_NAME = "$(TARGET_NAME)";
				TEST_HOST = "$(BUILT_PRODUCTS_DIR)/project july 13.app/project july 13";
			};
			name = Debug;
		};
		CEB88EBE1B548BF6000F1FC9 /* Release */ = {
			isa = XCBuildConfiguration;
			buildSettings = {
				BUNDLE_LOADER = "$(TEST_HOST)";
				FRAMEWORK_SEARCH_PATHS = (
					"$(SDKROOT)/Developer/Library/Frameworks",
					"$(inherited)",
				);
				INFOPLIST_FILE = "project july 13Tests/Info.plist";
				LD_RUNPATH_SEARCH_PATHS = "$(inherited) @executable_path/Frameworks @loader_path/Frameworks";
				PRODUCT_NAME = "$(TARGET_NAME)";
				TEST_HOST = "$(BUILT_PRODUCTS_DIR)/project july 13.app/project july 13";
			};
			name = Release;
		};
/* End XCBuildConfiguration section */

/* Begin XCConfigurationList section */
		CEB88E951B548BF6000F1FC9 /* Build configuration list for PBXProject "project july 13" */ = {
			isa = XCConfigurationList;
			buildConfigurations = (
				CEB88EB71B548BF6000F1FC9 /* Debug */,
				CEB88EB81B548BF6000F1FC9 /* Release */,
			);
			defaultConfigurationIsVisible = 0;
			defaultConfigurationName = Release;
		};
		CEB88EB91B548BF6000F1FC9 /* Build configuration list for PBXNativeTarget "project july 13" */ = {
			isa = XCConfigurationList;
			buildConfigurations = (
				CEB88EBA1B548BF6000F1FC9 /* Debug */,
				CEB88EBB1B548BF6000F1FC9 /* Release */,
			);
			defaultConfigurationIsVisible = 0;
		};
		CEB88EBC1B548BF6000F1FC9 /* Build configuration list for PBXNativeTarget "project july 13Tests" */ = {
			isa = XCConfigurationList;
			buildConfigurations = (
				CEB88EBD1B548BF6000F1FC9 /* Debug */,
				CEB88EBE1B548BF6000F1FC9 /* Release */,
			);
			defaultConfigurationIsVisible = 0;
		};
/* End XCConfigurationList section */
	};
	rootObject = CEB88E921B548BF6000F1FC9 /* Project object */;
}
